
Microsoft Visual Studio Solution File, Format Version 12.00
# Visual Studio Version 17
VisualStudioVersion = 17.0.31903.59
MinimumVisualStudioVersion = 10.0.40219.1
Project("{2150E333-8FDC-42A3-9474-1A3956D46DE8}") = "Source", "Source", "{B676E0F7-38EA-42C0-A203-005615E01772}"
EndProject
Project("{2150E333-8FDC-42A3-9474-1A3956D46DE8}") = "Shared", "Shared", "{C71F0721-B730-464A-AEB1-FC8F1188AD3A}"
EndProject
Project("{FAE04EC0-301F-11D3-BF4B-00C04F79EFBC}") = "ArcGISProMCP.Core", "Source\Shared\ArcGISProMCP.Core\ArcGISProMCP.Core.csproj", "{1E486938-DD99-4432-8097-BE3E89A69024}"
EndProject
Project("{FAE04EC0-301F-11D3-BF4B-00C04F79EFBC}") = "ArcGISProMCP.Protocol", "Source\Shared\ArcGISProMCP.Protocol\ArcGISProMCP.Protocol.csproj", "{5F7987B6-CB10-4059-A627-8C1E607422DE}"
EndProject
Project("{FAE04EC0-301F-11D3-BF4B-00C04F79EFBC}") = "ArcGISProMCP.Configuration", "Source\Shared\ArcGISProMCP.Configuration\ArcGISProMCP.Configuration.csproj", "{3026AB53-D220-43D8-ADC6-DCA1A0E7D399}"
EndProject
Project("{FAE04EC0-301F-11D3-BF4B-00C04F79EFBC}") = "ArcGISProMCP.Logging", "Source\Shared\ArcGISProMCP.Logging\ArcGISProMCP.Logging.csproj", "{0D1BC5BF-8613-4CDA-8A1A-3A05E2A1549E}"
EndProject
Project("{FAE04EC0-301F-11D3-BF4B-00C04F79EFBC}") = "ArcGISProMCP.Security", "Source\Shared\ArcGISProMCP.Security\ArcGISProMCP.Security.csproj", "{8E931985-EF4D-4A2A-9F6E-366354B0BF17}"
EndProject
Project("{FAE04EC0-301F-11D3-BF4B-00C04F79EFBC}") = "ArcGISProMCP.Compatibility", "Source\ArcGISProMCP.Compatibility\ArcGISProMCP.Compatibility.csproj", "{364DC8C4-8D5E-4EFF-B015-BF3EEA4FCF72}"
EndProject
Project("{FAE04EC0-301F-11D3-BF4B-00C04F79EFBC}") = "ArcGISProMCP.Tools", "Source\Shared\ArcGISProMCP.Tools\ArcGISProMCP.Tools.csproj", "{12F9951E-34F6-4E0E-8BE9-C49203C4050E}"
EndProject
Project("{2150E333-8FDC-42A3-9474-1A3956D46DE8}") = "Tests", "Tests", "{C5EB1A73-A87B-4D76-A7B4-66BAF8D8EBD7}"
EndProject
Project("{FAE04EC0-301F-11D3-BF4B-00C04F79EFBC}") = "ArcGISProMCP.TestSupport", "Tests\TestSupport\ArcGISProMCP.TestSupport.csproj", "{0F5F1673-540E-4A63-8999-B03FA5BBA041}"
EndProject
Project("{FAE04EC0-301F-11D3-BF4B-00C04F79EFBC}") = "ArcGISProMCP.UnitTests", "Tests\UnitTests\ArcGISProMCP.UnitTests.csproj", "{237607FA-FBF4-4C65-8074-F27C7DFECCD7}"
EndProject
Project("{FAE04EC0-301F-11D3-BF4B-00C04F79EFBC}") = "ArcGISProMCP.IntegrationTests", "Tests\IntegrationTests\ArcGISProMCP.IntegrationTests.csproj", "{CA1BA184-C495-41EF-A25F-C8B309DB9F5E}"
EndProject
Project("{FAE04EC0-301F-11D3-BF4B-00C04F79EFBC}") = "ArcGISProMCP.Server", "Source\Shared\ArcGISProMCP.Server\ArcGISProMCP.Server.csproj", "{2274ED28-74BE-405F-8DF1-5185C8BC0AAB}"
EndProject
Project("{FAE04EC0-301F-11D3-BF4B-00C04F79EFBC}") = "ArcGISProMCP.ServerTests", "Tests\ArcGISProMCP.ServerTests\ArcGISProMCP.ServerTests.csproj", "{F586C85B-3FA9-4E32-8AE7-1DB32C9B05DD}"
EndProject
Global
	GlobalSection(SolutionConfigurationPlatforms) = preSolution
		Debug|Any CPU = Debug|Any CPU
		Release|Any CPU = Release|Any CPU
	EndGlobalSection
	GlobalSection(SolutionProperties) = preSolution
		HideSolutionNode = FALSE
	EndGlobalSection
	GlobalSection(ProjectConfigurationPlatforms) = postSolution
		{1E486938-DD99-4432-8097-BE3E89A69024}.Debug|Any CPU.ActiveCfg = Debug|Any CPU
		{1E486938-DD99-4432-8097-BE3E89A69024}.Debug|Any CPU.Build.0 = Debug|Any CPU
		{1E486938-DD99-4432-8097-BE3E89A69024}.Release|Any CPU.ActiveCfg = Release|Any CPU
		{1E486938-DD99-4432-8097-BE3E89A69024}.Release|Any CPU.Build.0 = Release|Any CPU
		{5F7987B6-CB10-4059-A627-8C1E607422DE}.Debug|Any CPU.ActiveCfg = Debug|Any CPU
		{5F7987B6-CB10-4059-A627-8C1E607422DE}.Debug|Any CPU.Build.0 = Debug|Any CPU
		{5F7987B6-CB10-4059-A627-8C1E607422DE}.Release|Any CPU.ActiveCfg = Release|Any CPU
		{5F7987B6-CB10-4059-A627-8C1E607422DE}.Release|Any CPU.Build.0 = Release|Any CPU
		{3026AB53-D220-43D8-ADC6-DCA1A0E7D399}.Debug|Any CPU.ActiveCfg = Debug|Any CPU
		{3026AB53-D220-43D8-ADC6-DCA1A0E7D399}.Debug|Any CPU.Build.0 = Debug|Any CPU
		{3026AB53-D220-43D8-ADC6-DCA1A0E7D399}.Release|Any CPU.ActiveCfg = Release|Any CPU
		{3026AB53-D220-43D8-ADC6-DCA1A0E7D399}.Release|Any CPU.Build.0 = Release|Any CPU
		{0D1BC5BF-8613-4CDA-8A1A-3A05E2A1549E}.Debug|Any CPU.ActiveCfg = Debug|Any CPU
		{0D1BC5BF-8613-4CDA-8A1A-3A05E2A1549E}.Debug|Any CPU.Build.0 = Debug|Any CPU
		{0D1BC5BF-8613-4CDA-8A1A-3A05E2A1549E}.Release|Any CPU.ActiveCfg = Release|Any CPU
		{0D1BC5BF-8613-4CDA-8A1A-3A05E2A1549E}.Release|Any CPU.Build.0 = Release|Any CPU
		{8E931985-EF4D-4A2A-9F6E-366354B0BF17}.Debug|Any CPU.ActiveCfg = Debug|Any CPU
		{8E931985-EF4D-4A2A-9F6E-366354B0BF17}.Debug|Any CPU.Build.0 = Debug|Any CPU
		{8E931985-EF4D-4A2A-9F6E-366354B0BF17}.Release|Any CPU.ActiveCfg = Release|Any CPU
		{8E931985-EF4D-4A2A-9F6E-366354B0BF17}.Release|Any CPU.Build.0 = Release|Any CPU
		{364DC8C4-8D5E-4EFF-B015-BF3EEA4FCF72}.Debug|Any CPU.ActiveCfg = Debug|x64
		{364DC8C4-8D5E-4EFF-B015-BF3EEA4FCF72}.Debug|Any CPU.Build.0 = Debug|x64
		{364DC8C4-8D5E-4EFF-B015-BF3EEA4FCF72}.Release|Any CPU.ActiveCfg = Release|x64
		{364DC8C4-8D5E-4EFF-B015-BF3EEA4FCF72}.Release|Any CPU.Build.0 = Release|x64
		{12F9951E-34F6-4E0E-8BE9-C49203C4050E}.Debug|Any CPU.ActiveCfg = Debug|Any CPU
		{12F9951E-34F6-4E0E-8BE9-C49203C4050E}.Debug|Any CPU.Build.0 = Debug|Any CPU
		{12F9951E-34F6-4E0E-8BE9-C49203C4050E}.Release|Any CPU.ActiveCfg = Release|Any CPU
		{12F9951E-34F6-4E0E-8BE9-C49203C4050E}.Release|Any CPU.Build.0 = Release|Any CPU
		{0F5F1673-540E-4A63-8999-B03FA5BBA041}.Debug|Any CPU.ActiveCfg = Debug|Any CPU
		{0F5F1673-540E-4A63-8999-B03FA5BBA041}.Debug|Any CPU.Build.0 = Debug|Any CPU
		{0F5F1673-540E-4A63-8999-B03FA5BBA041}.Release|Any CPU.ActiveCfg = Release|Any CPU
		{0F5F1673-540E-4A63-8999-B03FA5BBA041}.Release|Any CPU.Build.0 = Release|Any CPU
		{237607FA-FBF4-4C65-8074-F27C7DFECCD7}.Debug|Any CPU.ActiveCfg = Debug|Any CPU
		{237607FA-FBF4-4C65-8074-F27C7DFECCD7}.Debug|Any CPU.Build.0 = Debug|Any CPU
		{237607FA-FBF4-4C65-8074-F27C7DFECCD7}.Release|Any CPU.ActiveCfg = Release|Any CPU
		{237607FA-FBF4-4C65-8074-F27C7DFECCD7}.Release|Any CPU.Build.0 = Release|Any CPU
		{CA1BA184-C495-41EF-A25F-C8B309DB9F5E}.Debug|Any CPU.ActiveCfg = Debug|Any CPU
		{CA1BA184-C495-41EF-A25F-C8B309DB9F5E}.Debug|Any CPU.Build.0 = Debug|Any CPU
		{CA1BA184-C495-41EF-A25F-C8B309DB9F5E}.Release|Any CPU.ActiveCfg = Release|Any CPU
		{CA1BA184-C495-41EF-A25F-C8B309DB9F5E}.Release|Any CPU.Build.0 = Release|Any CPU
		{2274ED28-74BE-405F-8DF1-5185C8BC0AAB}.Debug|Any CPU.ActiveCfg = Debug|Any CPU
		{2274ED28-74BE-405F-8DF1-5185C8BC0AAB}.Debug|Any CPU.Build.0 = Debug|Any CPU
		{2274ED28-74BE-405F-8DF1-5185C8BC0AAB}.Release|Any CPU.ActiveCfg = Release|Any CPU
		{2274ED28-74BE-405F-8DF1-5185C8BC0AAB}.Release|Any CPU.Build.0 = Release|Any CPU
		{F586C85B-3FA9-4E32-8AE7-1DB32C9B05DD}.Debug|Any CPU.ActiveCfg = Debug|Any CPU
		{F586C85B-3FA9-4E32-8AE7-1DB32C9B05DD}.Debug|Any CPU.Build.0 = Debug|Any CPU
		{F586C85B-3FA9-4E32-8AE7-1DB32C9B05DD}.Release|Any CPU.ActiveCfg = Release|Any CPU
		{F586C85B-3FA9-4E32-8AE7-1DB32C9B05DD}.Release|Any CPU.Build.0 = Release|Any CPU
	EndGlobalSection
	GlobalSection(NestedProjects) = preSolution
		{C71F0721-B730-464A-AEB1-FC8F1188AD3A} = {B676E0F7-38EA-42C0-A203-005615E01772}
		{1E486938-DD99-4432-8097-BE3E89A69024} = {C71F0721-B730-464A-AEB1-FC8F1188AD3A}
		{5F7987B6-CB10-4059-A627-8C1E607422DE} = {C71F0721-B730-464A-AEB1-FC8F1188AD3A}
		{3026AB53-D220-43D8-ADC6-DCA1A0E7D399} = {C71F0721-B730-464A-AEB1-FC8F1188AD3A}
		{0D1BC5BF-8613-4CDA-8A1A-3A05E2A1549E} = {C71F0721-B730-464A-AEB1-FC8F1188AD3A}
		{8E931985-EF4D-4A2A-9F6E-366354B0BF17} = {C71F0721-B730-464A-AEB1-FC8F1188AD3A}
		{364DC8C4-8D5E-4EFF-B015-BF3EEA4FCF72} = {B676E0F7-38EA-42C0-A203-005615E01772}
		{12F9951E-34F6-4E0E-8BE9-C49203C4050E} = {C71F0721-B730-464A-AEB1-FC8F1188AD3A}
		{0F5F1673-540E-4A63-8999-B03FA5BBA041} = {C5EB1A73-A87B-4D76-A7B4-66BAF8D8EBD7}
		{237607FA-FBF4-4C65-8074-F27C7DFECCD7} = {C5EB1A73-A87B-4D76-A7B4-66BAF8D8EBD7}
		{CA1BA184-C495-41EF-A25F-C8B309DB9F5E} = {C5EB1A73-A87B-4D76-A7B4-66BAF8D8EBD7}
		{2274ED28-74BE-405F-8DF1-5185C8BC0AAB} = {C71F0721-B730-464A-AEB1-FC8F1188AD3A}
		{F586C85B-3FA9-4E32-8AE7-1DB32C9B05DD} = {C5EB1A73-A87B-4D76-A7B4-66BAF8D8EBD7}
	EndGlobalSection
EndGlobal
